
Microsoft Visual Studio Solution File, Format Version 12.00
# Visual Studio Version 17
VisualStudioVersion = 17.12.35707.178 d17.12
MinimumVisualStudioVersion = 10.0.40219.1
Project("{FAE04EC0-301F-11D3-BF4B-00C04F79EFBC}") = "EspDotNet", "ESPTool\EspDotNet.csproj", "{573E6BC7-AF1A-45EB-B682-685473F62437}"
EndProject
Global
	GlobalSection(SolutionConfigurationPlatforms) = preSolution
		Debug|Any CPU = Debug|Any CPU
		Release|Any CPU = Release|Any CPU
	EndGlobalSection
	GlobalSection(ProjectConfigurationPlatforms) = postSolution
		{573E6BC7-AF1A-45EB-B682-685473F62437}.Debug|Any CPU.ActiveCfg = Debug|Any CPU
		{573E6BC7-AF1A-45EB-B682-685473F62437}.Debug|Any CPU.Build.0 = Debug|Any CPU
		{573E6BC7-AF1A-45EB-B682-685473F62437}.Release|Any CPU.ActiveCfg = Release|Any CPU
		{573E6BC7-AF1A-45EB-B682-685473F62437}.Release|Any CPU.Build.0 = Release|Any CPU
	EndGlobalSection
	GlobalSection(SolutionProperties) = preSolution
		HideSolutionNode = FALSE
	EndGlobalSection
	GlobalSection(ExtensibilityGlobals) = postSolution
		SolutionGuid = {41E90229-CE52-4D2B-87B0-8EBF1D0A6368}
	EndGlobalSection
EndGlobal
