
Microsoft Visual Studio Solution File, Format Version 12.00
# Visual Studio Version 16
VisualStudioVersion = 16.0.31205.134
MinimumVisualStudioVersion = 10.0.40219.1
Project("{9A19103F-16F7-4668-BE54-9A1E7A4F7556}") = "ESPTool", "ESPTool\ESPTool.csproj", "{79C3AB6F-C49B-423E-A2ED-1AD17D277439}"
EndProject
Project("{FAE04EC0-301F-11D3-BF4B-00C04F79EFBC}") = "ExampleApp", "ExampleApp\ExampleApp.csproj", "{BC571CEB-C9D8-4279-934C-1E818960C676}"
EndProject
Global
	GlobalSection(SolutionConfigurationPlatforms) = preSolution
		Debug|Any CPU = Debug|Any CPU
		Release|Any CPU = Release|Any CPU
	EndGlobalSection
	GlobalSection(ProjectConfigurationPlatforms) = postSolution
		{79C3AB6F-C49B-423E-A2ED-1AD17D277439}.Debug|Any CPU.ActiveCfg = Debug|Any CPU
		{79C3AB6F-C49B-423E-A2ED-1AD17D277439}.Debug|Any CPU.Build.0 = Debug|Any CPU
		{79C3AB6F-C49B-423E-A2ED-1AD17D277439}.Release|Any CPU.ActiveCfg = Release|Any CPU
		{79C3AB6F-C49B-423E-A2ED-1AD17D277439}.Release|Any CPU.Build.0 = Release|Any CPU
		{BC571CEB-C9D8-4279-934C-1E818960C676}.Debug|Any CPU.ActiveCfg = Debug|Any CPU
		{BC571CEB-C9D8-4279-934C-1E818960C676}.Debug|Any CPU.Build.0 = Debug|Any CPU
		{BC571CEB-C9D8-4279-934C-1E818960C676}.Release|Any CPU.ActiveCfg = Release|Any CPU
		{BC571CEB-C9D8-4279-934C-1E818960C676}.Release|Any CPU.Build.0 = Release|Any CPU
	EndGlobalSection
	GlobalSection(SolutionProperties) = preSolution
		HideSolutionNode = FALSE
	EndGlobalSection
	GlobalSection(ExtensibilityGlobals) = postSolution
		SolutionGuid = {41E90229-CE52-4D2B-87B0-8EBF1D0A6368}
	EndGlobalSection
EndGlobal
